
Microsoft Visual Studio Solution File, Format Version 12.00
# Visual Studio 2013
VisualStudioVersion = 12.0.21005.1
MinimumVisualStudioVersion = 10.0.40219.1
Project("{FAE04EC0-301F-11D3-BF4B-00C04F79EFBC}") = "MyTcpListener", "ConsoleApplication1\MyTcpListener.csproj", "{25F10AD5-96BF-4D30-82CB-E511FBAED6BD}"
EndProject
Global
	GlobalSection(SolutionConfigurationPlatforms) = preSolution
		Debug|Any CPU = Debug|Any CPU
		Release|Any CPU = Release|Any CPU
	EndGlobalSection
	GlobalSection(ProjectConfigurationPlatforms) = postSolution
		{25F10AD5-96BF-4D30-82CB-E511FBAED6BD}.Debug|Any CPU.ActiveCfg = Debug|Any CPU
		{25F10AD5-96BF-4D30-82CB-E511FBAED6BD}.Debug|Any CPU.Build.0 = Debug|Any CPU
		{25F10AD5-96BF-4D30-82CB-E511FBAED6BD}.Release|Any CPU.ActiveCfg = Release|Any CPU
		{25F10AD5-96BF-4D30-82CB-E511FBAED6BD}.Release|Any CPU.Build.0 = Release|Any CPU
	EndGlobalSection
	GlobalSection(SolutionProperties) = preSolution
		HideSolutionNode = FALSE
	EndGlobalSection
EndGlobal
